// !$*UTF8*$!
{
	archiveVersion = 1;
	classes = {
	};
	objectVersion = 46;
	objects = {

/* Begin PBXBuildFile section */
		1EE4038FEC5DA2BC6625A695 /* Pods_MenuLogTests.framework in Frameworks */ = {isa = PBXBuildFile; fileRef = 328B1596892BB4BAE18ADD9E /* Pods_MenuLogTests.framework */; };
		92FBD2956F328E464FF91DB8 /* Pods_MenuLog.framework in Frameworks */ = {isa = PBXBuildFile; fileRef = C352937D64D1C8E0680B6234 /* Pods_MenuLog.framework */; };
		A38CEEB4FDB49862A3493F3C /* Pods_MenuLogUITests.framework in Frameworks */ = {isa = PBXBuildFile; fileRef = B8E549895F52CD02E99E92B1 /* Pods_MenuLogUITests.framework */; };
		E07C60EC1BF1F24100231247 /* LunchBox.swift in Sources */ = {isa = PBXBuildFile; fileRef = E07C60EB1BF1F24100231247 /* LunchBox.swift */; settings = {ASSET_TAGS = (); }; };
		E07C60ED1BF1F24100231247 /* LunchBox.swift in Sources */ = {isa = PBXBuildFile; fileRef = E07C60EB1BF1F24100231247 /* LunchBox.swift */; settings = {ASSET_TAGS = (); }; };
		E09FB89F1BEB2E740048F7D8 /* ImageDataSource.swift in Sources */ = {isa = PBXBuildFile; fileRef = E09FB89E1BEB2E740048F7D8 /* ImageDataSource.swift */; settings = {ASSET_TAGS = (); }; };
		E09FB8A01BEB2E740048F7D8 /* ImageDataSource.swift in Sources */ = {isa = PBXBuildFile; fileRef = E09FB89E1BEB2E740048F7D8 /* ImageDataSource.swift */; settings = {ASSET_TAGS = (); }; };
		E09FB8A11BEB2E740048F7D8 /* ImageDataSource.swift in Sources */ = {isa = PBXBuildFile; fileRef = E09FB89E1BEB2E740048F7D8 /* ImageDataSource.swift */; settings = {ASSET_TAGS = (); }; };
		E09FB8A41BEB4A190048F7D8 /* CameraDataSource.swift in Sources */ = {isa = PBXBuildFile; fileRef = E09FB8A31BEB4A190048F7D8 /* CameraDataSource.swift */; settings = {ASSET_TAGS = (); }; };
		E09FB8A51BEB4A190048F7D8 /* CameraDataSource.swift in Sources */ = {isa = PBXBuildFile; fileRef = E09FB8A31BEB4A190048F7D8 /* CameraDataSource.swift */; settings = {ASSET_TAGS = (); }; };
		E09FB8A61BEB4A190048F7D8 /* CameraDataSource.swift in Sources */ = {isa = PBXBuildFile; fileRef = E09FB8A31BEB4A190048F7D8 /* CameraDataSource.swift */; settings = {ASSET_TAGS = (); }; };
		E09FB8A81BEB577D0048F7D8 /* PhotoLibraryDataSource.swift in Sources */ = {isa = PBXBuildFile; fileRef = E09FB8A71BEB577D0048F7D8 /* PhotoLibraryDataSource.swift */; settings = {ASSET_TAGS = (); }; };
		E09FB8A91BEB577D0048F7D8 /* PhotoLibraryDataSource.swift in Sources */ = {isa = PBXBuildFile; fileRef = E09FB8A71BEB577D0048F7D8 /* PhotoLibraryDataSource.swift */; settings = {ASSET_TAGS = (); }; };
		E09FB8AA1BEB577D0048F7D8 /* PhotoLibraryDataSource.swift in Sources */ = {isa = PBXBuildFile; fileRef = E09FB8A71BEB577D0048F7D8 /* PhotoLibraryDataSource.swift */; settings = {ASSET_TAGS = (); }; };
		E0C351921BE9D2E600D8D3B8 /* AppDelegate.swift in Sources */ = {isa = PBXBuildFile; fileRef = E0C351911BE9D2E600D8D3B8 /* AppDelegate.swift */; };
		E0C351941BE9D2E600D8D3B8 /* ViewController.swift in Sources */ = {isa = PBXBuildFile; fileRef = E0C351931BE9D2E600D8D3B8 /* ViewController.swift */; };
		E0C351971BE9D2E600D8D3B8 /* Main.storyboard in Resources */ = {isa = PBXBuildFile; fileRef = E0C351951BE9D2E600D8D3B8 /* Main.storyboard */; };
		E0C351991BE9D2E600D8D3B8 /* Assets.xcassets in Resources */ = {isa = PBXBuildFile; fileRef = E0C351981BE9D2E600D8D3B8 /* Assets.xcassets */; };
		E0C3519C1BE9D2E600D8D3B8 /* LaunchScreen.storyboard in Resources */ = {isa = PBXBuildFile; fileRef = E0C3519A1BE9D2E600D8D3B8 /* LaunchScreen.storyboard */; };
		E0C351A71BE9D2E600D8D3B8 /* MenuLogTests.swift in Sources */ = {isa = PBXBuildFile; fileRef = E0C351A61BE9D2E600D8D3B8 /* MenuLogTests.swift */; };
		E0C351B21BE9D2E600D8D3B8 /* MenuLogUITests.swift in Sources */ = {isa = PBXBuildFile; fileRef = E0C351B11BE9D2E600D8D3B8 /* MenuLogUITests.swift */; };
		E0C351C41BE9E7E300D8D3B8 /* CreateLunchBoxViewController.swift in Sources */ = {isa = PBXBuildFile; fileRef = E0C351C31BE9E7E300D8D3B8 /* CreateLunchBoxViewController.swift */; settings = {ASSET_TAGS = (); }; };
		E0C351C51BE9E7E300D8D3B8 /* CreateLunchBoxViewController.swift in Sources */ = {isa = PBXBuildFile; fileRef = E0C351C31BE9E7E300D8D3B8 /* CreateLunchBoxViewController.swift */; settings = {ASSET_TAGS = (); }; };
		E0C351C71BE9F17600D8D3B8 /* CoreMedia.framework in Frameworks */ = {isa = PBXBuildFile; fileRef = E0C351C61BE9F17600D8D3B8 /* CoreMedia.framework */; };
		E0D73C021BF096780012B368 /* CALayer+RuntimeAttribute.swift in Sources */ = {isa = PBXBuildFile; fileRef = E0D73C011BF096780012B368 /* CALayer+RuntimeAttribute.swift */; settings = {ASSET_TAGS = (); }; };
		E0D73C031BF096780012B368 /* CALayer+RuntimeAttribute.swift in Sources */ = {isa = PBXBuildFile; fileRef = E0D73C011BF096780012B368 /* CALayer+RuntimeAttribute.swift */; settings = {ASSET_TAGS = (); }; };
		E0D73C041BF096780012B368 /* CALayer+RuntimeAttribute.swift in Sources */ = {isa = PBXBuildFile; fileRef = E0D73C011BF096780012B368 /* CALayer+RuntimeAttribute.swift */; settings = {ASSET_TAGS = (); }; };
		E0D73C0A1BF0A04C0012B368 /* AlphaTransitionButton.swift in Sources */ = {isa = PBXBuildFile; fileRef = E0D73C091BF0A04C0012B368 /* AlphaTransitionButton.swift */; settings = {ASSET_TAGS = (); }; };
		E0D73C0B1BF0A04C0012B368 /* AlphaTransitionButton.swift in Sources */ = {isa = PBXBuildFile; fileRef = E0D73C091BF0A04C0012B368 /* AlphaTransitionButton.swift */; settings = {ASSET_TAGS = (); }; };
		E0D73C0C1BF0A04C0012B368 /* AlphaTransitionButton.swift in Sources */ = {isa = PBXBuildFile; fileRef = E0D73C091BF0A04C0012B368 /* AlphaTransitionButton.swift */; settings = {ASSET_TAGS = (); }; };
/* End PBXBuildFile section */

/* Begin PBXContainerItemProxy section */
		E0C351A31BE9D2E600D8D3B8 /* PBXContainerItemProxy */ = {
			isa = PBXContainerItemProxy;
			containerPortal = E0C351861BE9D2E600D8D3B8 /* Project object */;
			proxyType = 1;
			remoteGlobalIDString = E0C3518D1BE9D2E600D8D3B8;
			remoteInfo = MenuLog;
		};
		E0C351AE1BE9D2E600D8D3B8 /* PBXContainerItemProxy */ = {
			isa = PBXContainerItemProxy;
			containerPortal = E0C351861BE9D2E600D8D3B8 /* Project object */;
			proxyType = 1;
			remoteGlobalIDString = E0C3518D1BE9D2E600D8D3B8;
			remoteInfo = MenuLog;
		};
/* End PBXContainerItemProxy section */

/* Begin PBXFileReference section */
		328B1596892BB4BAE18ADD9E /* Pods_MenuLogTests.framework */ = {isa = PBXFileReference; explicitFileType = wrapper.framework; includeInIndex = 0; path = Pods_MenuLogTests.framework; sourceTree = BUILT_PRODUCTS_DIR; };
		3F7A97021FD3FE468740CA6A /* Pods-MenuLog.release.xcconfig */ = {isa = PBXFileReference; includeInIndex = 1; lastKnownFileType = text.xcconfig; name = "Pods-MenuLog.release.xcconfig"; path = "Pods/Target Support Files/Pods-MenuLog/Pods-MenuLog.release.xcconfig"; sourceTree = "<group>"; };
		533FD4DF9B8F235AEFD5CD3E /* Pods-MenuLogTests.debug.xcconfig */ = {isa = PBXFileReference; includeInIndex = 1; lastKnownFileType = text.xcconfig; name = "Pods-MenuLogTests.debug.xcconfig"; path = "Pods/Target Support Files/Pods-MenuLogTests/Pods-MenuLogTests.debug.xcconfig"; sourceTree = "<group>"; };
		9440FA631151B77DF432389A /* Pods-MenuLogUITests.debug.xcconfig */ = {isa = PBXFileReference; includeInIndex = 1; lastKnownFileType = text.xcconfig; name = "Pods-MenuLogUITests.debug.xcconfig"; path = "Pods/Target Support Files/Pods-MenuLogUITests/Pods-MenuLogUITests.debug.xcconfig"; sourceTree = "<group>"; };
		AFE8F8C7FE089EF24F806078 /* Pods-MenuLog.debug.xcconfig */ = {isa = PBXFileReference; includeInIndex = 1; lastKnownFileType = text.xcconfig; name = "Pods-MenuLog.debug.xcconfig"; path = "Pods/Target Support Files/Pods-MenuLog/Pods-MenuLog.debug.xcconfig"; sourceTree = "<group>"; };
		B8E549895F52CD02E99E92B1 /* Pods_MenuLogUITests.framework */ = {isa = PBXFileReference; explicitFileType = wrapper.framework; includeInIndex = 0; path = Pods_MenuLogUITests.framework; sourceTree = BUILT_PRODUCTS_DIR; };
		C352937D64D1C8E0680B6234 /* Pods_MenuLog.framework */ = {isa = PBXFileReference; explicitFileType = wrapper.framework; includeInIndex = 0; path = Pods_MenuLog.framework; sourceTree = BUILT_PRODUCTS_DIR; };
		C9F73AA364A73F3C9D223A02 /* Pods-MenuLogUITests.release.xcconfig */ = {isa = PBXFileReference; includeInIndex = 1; lastKnownFileType = text.xcconfig; name = "Pods-MenuLogUITests.release.xcconfig"; path = "Pods/Target Support Files/Pods-MenuLogUITests/Pods-MenuLogUITests.release.xcconfig"; sourceTree = "<group>"; };
		E07C60EB1BF1F24100231247 /* LunchBox.swift */ = {isa = PBXFileReference; fileEncoding = 4; lastKnownFileType = sourcecode.swift; path = LunchBox.swift; sourceTree = "<group>"; };
		E09FB89E1BEB2E740048F7D8 /* ImageDataSource.swift */ = {isa = PBXFileReference; fileEncoding = 4; lastKnownFileType = sourcecode.swift; path = ImageDataSource.swift; sourceTree = "<group>"; };
		E09FB8A31BEB4A190048F7D8 /* CameraDataSource.swift */ = {isa = PBXFileReference; fileEncoding = 4; lastKnownFileType = sourcecode.swift; path = CameraDataSource.swift; sourceTree = "<group>"; };
		E09FB8A71BEB577D0048F7D8 /* PhotoLibraryDataSource.swift */ = {isa = PBXFileReference; fileEncoding = 4; lastKnownFileType = sourcecode.swift; path = PhotoLibraryDataSource.swift; sourceTree = "<group>"; };
		E0C3518E1BE9D2E600D8D3B8 /* MenuLog.app */ = {isa = PBXFileReference; explicitFileType = wrapper.application; includeInIndex = 0; path = MenuLog.app; sourceTree = BUILT_PRODUCTS_DIR; };
		E0C351911BE9D2E600D8D3B8 /* AppDelegate.swift */ = {isa = PBXFileReference; lastKnownFileType = sourcecode.swift; path = AppDelegate.swift; sourceTree = "<group>"; };
		E0C351931BE9D2E600D8D3B8 /* ViewController.swift */ = {isa = PBXFileReference; lastKnownFileType = sourcecode.swift; path = ViewController.swift; sourceTree = "<group>"; };
		E0C351961BE9D2E600D8D3B8 /* Base */ = {isa = PBXFileReference; lastKnownFileType = file.storyboard; name = Base; path = Base.lproj/Main.storyboard; sourceTree = "<group>"; };
		E0C351981BE9D2E600D8D3B8 /* Assets.xcassets */ = {isa = PBXFileReference; lastKnownFileType = folder.assetcatalog; path = Assets.xcassets; sourceTree = "<group>"; };
		E0C3519B1BE9D2E600D8D3B8 /* Base */ = {isa = PBXFileReference; lastKnownFileType = file.storyboard; name = Base; path = Base.lproj/LaunchScreen.storyboard; sourceTree = "<group>"; };
		E0C3519D1BE9D2E600D8D3B8 /* Info.plist */ = {isa = PBXFileReference; lastKnownFileType = text.plist.xml; path = Info.plist; sourceTree = "<group>"; };
		E0C351A21BE9D2E600D8D3B8 /* MenuLogTests.xctest */ = {isa = PBXFileReference; explicitFileType = wrapper.cfbundle; includeInIndex = 0; path = MenuLogTests.xctest; sourceTree = BUILT_PRODUCTS_DIR; };
		E0C351A61BE9D2E600D8D3B8 /* MenuLogTests.swift */ = {isa = PBXFileReference; lastKnownFileType = sourcecode.swift; path = MenuLogTests.swift; sourceTree = "<group>"; };
		E0C351A81BE9D2E600D8D3B8 /* Info.plist */ = {isa = PBXFileReference; lastKnownFileType = text.plist.xml; path = Info.plist; sourceTree = "<group>"; };
		E0C351AD1BE9D2E600D8D3B8 /* MenuLogUITests.xctest */ = {isa = PBXFileReference; explicitFileType = wrapper.cfbundle; includeInIndex = 0; path = MenuLogUITests.xctest; sourceTree = BUILT_PRODUCTS_DIR; };
		E0C351B11BE9D2E600D8D3B8 /* MenuLogUITests.swift */ = {isa = PBXFileReference; lastKnownFileType = sourcecode.swift; path = MenuLogUITests.swift; sourceTree = "<group>"; };
		E0C351B31BE9D2E600D8D3B8 /* Info.plist */ = {isa = PBXFileReference; lastKnownFileType = text.plist.xml; path = Info.plist; sourceTree = "<group>"; };
		E0C351C31BE9E7E300D8D3B8 /* CreateLunchBoxViewController.swift */ = {isa = PBXFileReference; fileEncoding = 4; lastKnownFileType = sourcecode.swift; path = CreateLunchBoxViewController.swift; sourceTree = "<group>"; };
		E0C351C61BE9F17600D8D3B8 /* CoreMedia.framework */ = {isa = PBXFileReference; lastKnownFileType = wrapper.framework; name = CoreMedia.framework; path = System/Library/Frameworks/CoreMedia.framework; sourceTree = SDKROOT; };
		E0D73C011BF096780012B368 /* CALayer+RuntimeAttribute.swift */ = {isa = PBXFileReference; fileEncoding = 4; lastKnownFileType = sourcecode.swift; path = "CALayer+RuntimeAttribute.swift"; sourceTree = "<group>"; };
		E0D73C091BF0A04C0012B368 /* AlphaTransitionButton.swift */ = {isa = PBXFileReference; fileEncoding = 4; lastKnownFileType = sourcecode.swift; path = AlphaTransitionButton.swift; sourceTree = "<group>"; };
		E49CA2048D5A4BCAB6102D39 /* Pods-MenuLogTests.release.xcconfig */ = {isa = PBXFileReference; includeInIndex = 1; lastKnownFileType = text.xcconfig; name = "Pods-MenuLogTests.release.xcconfig"; path = "Pods/Target Support Files/Pods-MenuLogTests/Pods-MenuLogTests.release.xcconfig"; sourceTree = "<group>"; };
/* End PBXFileReference section */

/* Begin PBXFrameworksBuildPhase section */
		E0C3518B1BE9D2E600D8D3B8 /* Frameworks */ = {
			isa = PBXFrameworksBuildPhase;
			buildActionMask = 2147483647;
			files = (
				E0C351C71BE9F17600D8D3B8 /* CoreMedia.framework in Frameworks */,
				92FBD2956F328E464FF91DB8 /* Pods_MenuLog.framework in Frameworks */,
			);
			runOnlyForDeploymentPostprocessing = 0;
		};
		E0C3519F1BE9D2E600D8D3B8 /* Frameworks */ = {
			isa = PBXFrameworksBuildPhase;
			buildActionMask = 2147483647;
			files = (
				1EE4038FEC5DA2BC6625A695 /* Pods_MenuLogTests.framework in Frameworks */,
			);
			runOnlyForDeploymentPostprocessing = 0;
		};
		E0C351AA1BE9D2E600D8D3B8 /* Frameworks */ = {
			isa = PBXFrameworksBuildPhase;
			buildActionMask = 2147483647;
			files = (
				A38CEEB4FDB49862A3493F3C /* Pods_MenuLogUITests.framework in Frameworks */,
			);
			runOnlyForDeploymentPostprocessing = 0;
		};
/* End PBXFrameworksBuildPhase section */

/* Begin PBXGroup section */
		413F288CF490EAAA27EB3B4B /* Frameworks */ = {
			isa = PBXGroup;
			children = (
				C352937D64D1C8E0680B6234 /* Pods_MenuLog.framework */,
				328B1596892BB4BAE18ADD9E /* Pods_MenuLogTests.framework */,
				B8E549895F52CD02E99E92B1 /* Pods_MenuLogUITests.framework */,
			);
			name = Frameworks;
			sourceTree = "<group>";
		};
		5FEB9D05C9C28C8948B89AD2 /* Pods */ = {
			isa = PBXGroup;
			children = (
				AFE8F8C7FE089EF24F806078 /* Pods-MenuLog.debug.xcconfig */,
				3F7A97021FD3FE468740CA6A /* Pods-MenuLog.release.xcconfig */,
				533FD4DF9B8F235AEFD5CD3E /* Pods-MenuLogTests.debug.xcconfig */,
				E49CA2048D5A4BCAB6102D39 /* Pods-MenuLogTests.release.xcconfig */,
				9440FA631151B77DF432389A /* Pods-MenuLogUITests.debug.xcconfig */,
				C9F73AA364A73F3C9D223A02 /* Pods-MenuLogUITests.release.xcconfig */,
			);
			name = Pods;
			sourceTree = "<group>";
		};
		E07C60EA1BF1F18A00231247 /* Model */ = {
			isa = PBXGroup;
			children = (
				E07C60EB1BF1F24100231247 /* LunchBox.swift */,
			);
			path = Model;
			sourceTree = "<group>";
		};
		E09FB8A21BEB49BB0048F7D8 /* DataSource */ = {
			isa = PBXGroup;
			children = (
				E09FB89E1BEB2E740048F7D8 /* ImageDataSource.swift */,
				E09FB8A31BEB4A190048F7D8 /* CameraDataSource.swift */,
				E09FB8A71BEB577D0048F7D8 /* PhotoLibraryDataSource.swift */,
			);
			name = DataSource;
			sourceTree = "<group>";
		};
		E0C351851BE9D2E600D8D3B8 = {
			isa = PBXGroup;
			children = (
				E0C351C61BE9F17600D8D3B8 /* CoreMedia.framework */,
				E0C351901BE9D2E600D8D3B8 /* MenuLog */,
				E0C351A51BE9D2E600D8D3B8 /* MenuLogTests */,
				E0C351B01BE9D2E600D8D3B8 /* MenuLogUITests */,
				E0C3518F1BE9D2E600D8D3B8 /* Products */,
				5FEB9D05C9C28C8948B89AD2 /* Pods */,
				413F288CF490EAAA27EB3B4B /* Frameworks */,
			);
			sourceTree = "<group>";
		};
		E0C3518F1BE9D2E600D8D3B8 /* Products */ = {
			isa = PBXGroup;
			children = (
				E0C3518E1BE9D2E600D8D3B8 /* MenuLog.app */,
				E0C351A21BE9D2E600D8D3B8 /* MenuLogTests.xctest */,
				E0C351AD1BE9D2E600D8D3B8 /* MenuLogUITests.xctest */,
			);
			name = Products;
			sourceTree = "<group>";
		};
		E0C351901BE9D2E600D8D3B8 /* MenuLog */ = {
			isa = PBXGroup;
			children = (
				E07C60EA1BF1F18A00231247 /* Model */,
				E0C351BF1BE9E52800D8D3B8 /* lunchBox */,
				E0C351911BE9D2E600D8D3B8 /* AppDelegate.swift */,
				E0C351931BE9D2E600D8D3B8 /* ViewController.swift */,
				E0C351951BE9D2E600D8D3B8 /* Main.storyboard */,
				E0D73C001BF096240012B368 /* Util */,
				E0C351981BE9D2E600D8D3B8 /* Assets.xcassets */,
				E0C3519A1BE9D2E600D8D3B8 /* LaunchScreen.storyboard */,
				E0C3519D1BE9D2E600D8D3B8 /* Info.plist */,
			);
			path = MenuLog;
			sourceTree = "<group>";
		};
		E0C351A51BE9D2E600D8D3B8 /* MenuLogTests */ = {
			isa = PBXGroup;
			children = (
				E0C351A61BE9D2E600D8D3B8 /* MenuLogTests.swift */,
				E0C351A81BE9D2E600D8D3B8 /* Info.plist */,
			);
			path = MenuLogTests;
			sourceTree = "<group>";
		};
		E0C351B01BE9D2E600D8D3B8 /* MenuLogUITests */ = {
			isa = PBXGroup;
			children = (
				E0C351B11BE9D2E600D8D3B8 /* MenuLogUITests.swift */,
				E0C351B31BE9D2E600D8D3B8 /* Info.plist */,
			);
			path = MenuLogUITests;
			sourceTree = "<group>";
		};
		E0C351BF1BE9E52800D8D3B8 /* lunchBox */ = {
			isa = PBXGroup;
			children = (
				E09FB8A21BEB49BB0048F7D8 /* DataSource */,
				E0C351C31BE9E7E300D8D3B8 /* CreateLunchBoxViewController.swift */,
			);
			name = lunchBox;
			path = CreateLunchBox;
			sourceTree = "<group>";
		};
		E0D73C001BF096240012B368 /* Util */ = {
			isa = PBXGroup;
			children = (
				E0D73C011BF096780012B368 /* CALayer+RuntimeAttribute.swift */,
				E0D73C091BF0A04C0012B368 /* AlphaTransitionButton.swift */,
			);
			path = Util;
			sourceTree = "<group>";
		};
/* End PBXGroup section */

/* Begin PBXNativeTarget section */
		E0C3518D1BE9D2E600D8D3B8 /* MenuLog */ = {
			isa = PBXNativeTarget;
			buildConfigurationList = E0C351B61BE9D2E600D8D3B8 /* Build configuration list for PBXNativeTarget "MenuLog" */;
			buildPhases = (
				A1BD12CC2AC3B6434BBC535A /* Check Pods Manifest.lock */,
				E0C3518A1BE9D2E600D8D3B8 /* Sources */,
				E0C3518B1BE9D2E600D8D3B8 /* Frameworks */,
				E0C3518C1BE9D2E600D8D3B8 /* Resources */,
				8F1972DAA9F6BDF7DC024E42 /* Embed Pods Frameworks */,
				197E8F4926599B35903024E6 /* Copy Pods Resources */,
			);
			buildRules = (
			);
			dependencies = (
			);
			name = MenuLog;
			productName = MenuLog;
			productReference = E0C3518E1BE9D2E600D8D3B8 /* MenuLog.app */;
			productType = "com.apple.product-type.application";
		};
		E0C351A11BE9D2E600D8D3B8 /* MenuLogTests */ = {
			isa = PBXNativeTarget;
			buildConfigurationList = E0C351B91BE9D2E600D8D3B8 /* Build configuration list for PBXNativeTarget "MenuLogTests" */;
			buildPhases = (
				7E3A15DACA39112F757ACFF2 /* Check Pods Manifest.lock */,
				E0C3519E1BE9D2E600D8D3B8 /* Sources */,
				E0C3519F1BE9D2E600D8D3B8 /* Frameworks */,
				E0C351A01BE9D2E600D8D3B8 /* Resources */,
				EB3984EC06358A688646FE2F /* Embed Pods Frameworks */,
				E0C12A65C0E5A8CF9B6D0F42 /* Copy Pods Resources */,
			);
			buildRules = (
			);
			dependencies = (
				E0C351A41BE9D2E600D8D3B8 /* PBXTargetDependency */,
			);
			name = MenuLogTests;
			productName = MenuLogTests;
			productReference = E0C351A21BE9D2E600D8D3B8 /* MenuLogTests.xctest */;
			productType = "com.apple.product-type.bundle.unit-test";
		};
		E0C351AC1BE9D2E600D8D3B8 /* MenuLogUITests */ = {
			isa = PBXNativeTarget;
			buildConfigurationList = E0C351BC1BE9D2E600D8D3B8 /* Build configuration list for PBXNativeTarget "MenuLogUITests" */;
			buildPhases = (
				CF097B930D61510C229B3813 /* Check Pods Manifest.lock */,
				E0C351A91BE9D2E600D8D3B8 /* Sources */,
				E0C351AA1BE9D2E600D8D3B8 /* Frameworks */,
				E0C351AB1BE9D2E600D8D3B8 /* Resources */,
				3D3F97549DAC5B03E28BBD76 /* Copy Pods Resources */,
			);
			buildRules = (
			);
			dependencies = (
				E0C351AF1BE9D2E600D8D3B8 /* PBXTargetDependency */,
			);
			name = MenuLogUITests;
			productName = MenuLogUITests;
			productReference = E0C351AD1BE9D2E600D8D3B8 /* MenuLogUITests.xctest */;
			productType = "com.apple.product-type.bundle.ui-testing";
		};
/* End PBXNativeTarget section */

/* Begin PBXProject section */
		E0C351861BE9D2E600D8D3B8 /* Project object */ = {
			isa = PBXProject;
			attributes = {
				LastUpgradeCheck = 0700;
				ORGANIZATIONNAME = "ezura yuka";
				TargetAttributes = {
					E0C3518D1BE9D2E600D8D3B8 = {
						CreatedOnToolsVersion = 7.0.1;
						DevelopmentTeam = 32A38QPD5H;
					};
					E0C351A11BE9D2E600D8D3B8 = {
						CreatedOnToolsVersion = 7.0.1;
						TestTargetID = E0C3518D1BE9D2E600D8D3B8;
					};
					E0C351AC1BE9D2E600D8D3B8 = {
						CreatedOnToolsVersion = 7.0.1;
						TestTargetID = E0C3518D1BE9D2E600D8D3B8;
					};
				};
			};
			buildConfigurationList = E0C351891BE9D2E600D8D3B8 /* Build configuration list for PBXProject "MenuLog" */;
			compatibilityVersion = "Xcode 3.2";
			developmentRegion = English;
			hasScannedForEncodings = 0;
			knownRegions = (
				en,
				Base,
			);
			mainGroup = E0C351851BE9D2E600D8D3B8;
			productRefGroup = E0C3518F1BE9D2E600D8D3B8 /* Products */;
			projectDirPath = "";
			projectRoot = "";
			targets = (
				E0C3518D1BE9D2E600D8D3B8 /* MenuLog */,
				E0C351A11BE9D2E600D8D3B8 /* MenuLogTests */,
				E0C351AC1BE9D2E600D8D3B8 /* MenuLogUITests */,
			);
		};
/* End PBXProject section */

/* Begin PBXResourcesBuildPhase section */
		E0C3518C1BE9D2E600D8D3B8 /* Resources */ = {
			isa = PBXResourcesBuildPhase;
			buildActionMask = 2147483647;
			files = (
				E0C3519C1BE9D2E600D8D3B8 /* LaunchScreen.storyboard in Resources */,
				E0C351991BE9D2E600D8D3B8 /* Assets.xcassets in Resources */,
				E0C351971BE9D2E600D8D3B8 /* Main.storyboard in Resources */,
			);
			runOnlyForDeploymentPostprocessing = 0;
		};
		E0C351A01BE9D2E600D8D3B8 /* Resources */ = {
			isa = PBXResourcesBuildPhase;
			buildActionMask = 2147483647;
			files = (
			);
			runOnlyForDeploymentPostprocessing = 0;
		};
		E0C351AB1BE9D2E600D8D3B8 /* Resources */ = {
			isa = PBXResourcesBuildPhase;
			buildActionMask = 2147483647;
			files = (
			);
			runOnlyForDeploymentPostprocessing = 0;
		};
/* End PBXResourcesBuildPhase section */

/* Begin PBXShellScriptBuildPhase section */
		197E8F4926599B35903024E6 /* Copy Pods Resources */ = {
			isa = PBXShellScriptBuildPhase;
			buildActionMask = 2147483647;
			files = (
			);
			inputPaths = (
			);
			name = "Copy Pods Resources";
			outputPaths = (
			);
			runOnlyForDeploymentPostprocessing = 0;
			shellPath = /bin/sh;
			shellScript = "\"${SRCROOT}/Pods/Target Support Files/Pods-MenuLog/Pods-MenuLog-resources.sh\"\n";
			showEnvVarsInLog = 0;
		};
		3D3F97549DAC5B03E28BBD76 /* Copy Pods Resources */ = {
			isa = PBXShellScriptBuildPhase;
			buildActionMask = 2147483647;
			files = (
			);
			inputPaths = (
			);
			name = "Copy Pods Resources";
			outputPaths = (
			);
			runOnlyForDeploymentPostprocessing = 0;
			shellPath = /bin/sh;
			shellScript = "\"${SRCROOT}/Pods/Target Support Files/Pods-MenuLogUITests/Pods-MenuLogUITests-resources.sh\"\n";
			showEnvVarsInLog = 0;
		};
		7E3A15DACA39112F757ACFF2 /* Check Pods Manifest.lock */ = {
			isa = PBXShellScriptBuildPhase;
			buildActionMask = 2147483647;
			files = (
			);
			inputPaths = (
			);
			name = "Check Pods Manifest.lock";
			outputPaths = (
			);
			runOnlyForDeploymentPostprocessing = 0;
			shellPath = /bin/sh;
			shellScript = "diff \"${PODS_ROOT}/../Podfile.lock\" \"${PODS_ROOT}/Manifest.lock\" > /dev/null\nif [[ $? != 0 ]] ; then\n    cat << EOM\nerror: The sandbox is not in sync with the Podfile.lock. Run 'pod install' or update your CocoaPods installation.\nEOM\n    exit 1\nfi\n";
			showEnvVarsInLog = 0;
		};
		8F1972DAA9F6BDF7DC024E42 /* Embed Pods Frameworks */ = {
			isa = PBXShellScriptBuildPhase;
			buildActionMask = 2147483647;
			files = (
			);
			inputPaths = (
			);
			name = "Embed Pods Frameworks";
			outputPaths = (
			);
			runOnlyForDeploymentPostprocessing = 0;
			shellPath = /bin/sh;
			shellScript = "\"${SRCROOT}/Pods/Target Support Files/Pods-MenuLog/Pods-MenuLog-frameworks.sh\"\n";
			showEnvVarsInLog = 0;
		};
		A1BD12CC2AC3B6434BBC535A /* Check Pods Manifest.lock */ = {
			isa = PBXShellScriptBuildPhase;
			buildActionMask = 2147483647;
			files = (
			);
			inputPaths = (
			);
			name = "Check Pods Manifest.lock";
			outputPaths = (
			);
			runOnlyForDeploymentPostprocessing = 0;
			shellPath = /bin/sh;
			shellScript = "diff \"${PODS_ROOT}/../Podfile.lock\" \"${PODS_ROOT}/Manifest.lock\" > /dev/null\nif [[ $? != 0 ]] ; then\n    cat << EOM\nerror: The sandbox is not in sync with the Podfile.lock. Run 'pod install' or update your CocoaPods installation.\nEOM\n    exit 1\nfi\n";
			showEnvVarsInLog = 0;
		};
		CF097B930D61510C229B3813 /* Check Pods Manifest.lock */ = {
			isa = PBXShellScriptBuildPhase;
			buildActionMask = 2147483647;
			files = (
			);
			inputPaths = (
			);
			name = "Check Pods Manifest.lock";
			outputPaths = (
			);
			runOnlyForDeploymentPostprocessing = 0;
			shellPath = /bin/sh;
			shellScript = "diff \"${PODS_ROOT}/../Podfile.lock\" \"${PODS_ROOT}/Manifest.lock\" > /dev/null\nif [[ $? != 0 ]] ; then\n    cat << EOM\nerror: The sandbox is not in sync with the Podfile.lock. Run 'pod install' or update your CocoaPods installation.\nEOM\n    exit 1\nfi\n";
			showEnvVarsInLog = 0;
		};
		E0C12A65C0E5A8CF9B6D0F42 /* Copy Pods Resources */ = {
			isa = PBXShellScriptBuildPhase;
			buildActionMask = 2147483647;
			files = (
			);
			inputPaths = (
			);
			name = "Copy Pods Resources";
			outputPaths = (
			);
			runOnlyForDeploymentPostprocessing = 0;
			shellPath = /bin/sh;
			shellScript = "\"${SRCROOT}/Pods/Target Support Files/Pods-MenuLogTests/Pods-MenuLogTests-resources.sh\"\n";
			showEnvVarsInLog = 0;
		};
		EB3984EC06358A688646FE2F /* Embed Pods Frameworks */ = {
			isa = PBXShellScriptBuildPhase;
			buildActionMask = 2147483647;
			files = (
			);
			inputPaths = (
			);
			name = "Embed Pods Frameworks";
			outputPaths = (
			);
			runOnlyForDeploymentPostprocessing = 0;
			shellPath = /bin/sh;
			shellScript = "\"${SRCROOT}/Pods/Target Support Files/Pods-MenuLogTests/Pods-MenuLogTests-frameworks.sh\"\n";
			showEnvVarsInLog = 0;
		};
/* End PBXShellScriptBuildPhase section */

/* Begin PBXSourcesBuildPhase section */
		E0C3518A1BE9D2E600D8D3B8 /* Sources */ = {
			isa = PBXSourcesBuildPhase;
			buildActionMask = 2147483647;
			files = (
				E0D73C021BF096780012B368 /* CALayer+RuntimeAttribute.swift in Sources */,
				E0C351941BE9D2E600D8D3B8 /* ViewController.swift in Sources */,
				E09FB89F1BEB2E740048F7D8 /* ImageDataSource.swift in Sources */,
				E0D73C0A1BF0A04C0012B368 /* AlphaTransitionButton.swift in Sources */,
				E0C351921BE9D2E600D8D3B8 /* AppDelegate.swift in Sources */,
				E0C351C41BE9E7E300D8D3B8 /* CreateLunchBoxViewController.swift in Sources */,
				E09FB8A41BEB4A190048F7D8 /* CameraDataSource.swift in Sources */,
				E09FB8A81BEB577D0048F7D8 /* PhotoLibraryDataSource.swift in Sources */,
				E07C60EC1BF1F24100231247 /* LunchBox.swift in Sources */,
			);
			runOnlyForDeploymentPostprocessing = 0;
		};
		E0C3519E1BE9D2E600D8D3B8 /* Sources */ = {
			isa = PBXSourcesBuildPhase;
			buildActionMask = 2147483647;
			files = (
				E07C60ED1BF1F24100231247 /* LunchBox.swift in Sources */,
				E0C351A71BE9D2E600D8D3B8 /* MenuLogTests.swift in Sources */,
				E09FB8A91BEB577D0048F7D8 /* PhotoLibraryDataSource.swift in Sources */,
				E09FB8A01BEB2E740048F7D8 /* ImageDataSource.swift in Sources */,
				E0D73C0B1BF0A04C0012B368 /* AlphaTransitionButton.swift in Sources */,
				E0D73C031BF096780012B368 /* CALayer+RuntimeAttribute.swift in Sources */,
				E09FB8A51BEB4A190048F7D8 /* CameraDataSource.swift in Sources */,
			);
			runOnlyForDeploymentPostprocessing = 0;
		};
		E0C351A91BE9D2E600D8D3B8 /* Sources */ = {
			isa = PBXSourcesBuildPhase;
			buildActionMask = 2147483647;
			files = (
				E09FB8AA1BEB577D0048F7D8 /* PhotoLibraryDataSource.swift in Sources */,
				E0D73C0C1BF0A04C0012B368 /* AlphaTransitionButton.swift in Sources */,
				E0C351B21BE9D2E600D8D3B8 /* MenuLogUITests.swift in Sources */,
				E09FB8A61BEB4A190048F7D8 /* CameraDataSource.swift in Sources */,
				E0C351C51BE9E7E300D8D3B8 /* CreateLunchBoxViewController.swift in Sources */,
				E09FB8A11BEB2E740048F7D8 /* ImageDataSource.swift in Sources */,
				E0D73C041BF096780012B368 /* CALayer+RuntimeAttribute.swift in Sources */,
			);
			runOnlyForDeploymentPostprocessing = 0;
		};
/* End PBXSourcesBuildPhase section */

/* Begin PBXTargetDependency section */
		E0C351A41BE9D2E600D8D3B8 /* PBXTargetDependency */ = {
			isa = PBXTargetDependency;
			target = E0C3518D1BE9D2E600D8D3B8 /* MenuLog */;
			targetProxy = E0C351A31BE9D2E600D8D3B8 /* PBXContainerItemProxy */;
		};
		E0C351AF1BE9D2E600D8D3B8 /* PBXTargetDependency */ = {
			isa = PBXTargetDependency;
			target = E0C3518D1BE9D2E600D8D3B8 /* MenuLog */;
			targetProxy = E0C351AE1BE9D2E600D8D3B8 /* PBXContainerItemProxy */;
		};
/* End PBXTargetDependency section */

/* Begin PBXVariantGroup section */
		E0C351951BE9D2E600D8D3B8 /* Main.storyboard */ = {
			isa = PBXVariantGroup;
			children = (
				E0C351961BE9D2E600D8D3B8 /* Base */,
			);
			name = Main.storyboard;
			sourceTree = "<group>";
		};
		E0C3519A1BE9D2E600D8D3B8 /* LaunchScreen.storyboard */ = {
			isa = PBXVariantGroup;
			children = (
				E0C3519B1BE9D2E600D8D3B8 /* Base */,
			);
			name = LaunchScreen.storyboard;
			sourceTree = "<group>";
		};
/* End PBXVariantGroup section */

/* Begin XCBuildConfiguration section */
		E0C351B41BE9D2E600D8D3B8 /* Debug */ = {
			isa = XCBuildConfiguration;
			buildSettings = {
				ALWAYS_SEARCH_USER_PATHS = NO;
				CLANG_CXX_LANGUAGE_STANDARD = "gnu++0x";
				CLANG_CXX_LIBRARY = "libc++";
				CLANG_ENABLE_MODULES = YES;
				CLANG_ENABLE_OBJC_ARC = YES;
				CLANG_WARN_BOOL_CONVERSION = YES;
				CLANG_WARN_CONSTANT_CONVERSION = YES;
				CLANG_WARN_DIRECT_OBJC_ISA_USAGE = YES_ERROR;
				CLANG_WARN_EMPTY_BODY = YES;
				CLANG_WARN_ENUM_CONVERSION = YES;
				CLANG_WARN_INT_CONVERSION = YES;
				CLANG_WARN_OBJC_ROOT_CLASS = YES_ERROR;
				CLANG_WARN_UNREACHABLE_CODE = YES;
				CLANG_WARN__DUPLICATE_METHOD_MATCH = YES;
				CODE_SIGN_IDENTITY = "";
				"CODE_SIGN_IDENTITY[sdk=iphoneos*]" = "iPhone Developer";
				COPY_PHASE_STRIP = NO;
				DEBUG_INFORMATION_FORMAT = dwarf;
				ENABLE_STRICT_OBJC_MSGSEND = YES;
				ENABLE_TESTABILITY = YES;
				GCC_C_LANGUAGE_STANDARD = gnu99;
				GCC_DYNAMIC_NO_PIC = NO;
				GCC_NO_COMMON_BLOCKS = YES;
				GCC_OPTIMIZATION_LEVEL = 0;
				GCC_PREPROCESSOR_DEFINITIONS = (
					"DEBUG=1",
					"$(inherited)",
				);
				GCC_WARN_64_TO_32_BIT_CONVERSION = YES;
				GCC_WARN_ABOUT_RETURN_TYPE = YES_ERROR;
				GCC_WARN_UNDECLARED_SELECTOR = YES;
				GCC_WARN_UNINITIALIZED_AUTOS = YES_AGGRESSIVE;
				GCC_WARN_UNUSED_FUNCTION = YES;
				GCC_WARN_UNUSED_VARIABLE = YES;
				IPHONEOS_DEPLOYMENT_TARGET = 8.0;
				MTL_ENABLE_DEBUG_INFO = YES;
				ONLY_ACTIVE_ARCH = YES;
				PROVISIONING_PROFILE = "34b9ed6e-df4c-4b6f-a2e6-e972647cfdab";
				SDKROOT = iphoneos;
				SWIFT_OPTIMIZATION_LEVEL = "-Onone";
			};
			name = Debug;
		};
		E0C351B51BE9D2E600D8D3B8 /* Release */ = {
			isa = XCBuildConfiguration;
			buildSettings = {
				ALWAYS_SEARCH_USER_PATHS = NO;
				CLANG_CXX_LANGUAGE_STANDARD = "gnu++0x";
				CLANG_CXX_LIBRARY = "libc++";
				CLANG_ENABLE_MODULES = YES;
				CLANG_ENABLE_OBJC_ARC = YES;
				CLANG_WARN_BOOL_CONVERSION = YES;
				CLANG_WARN_CONSTANT_CONVERSION = YES;
				CLANG_WARN_DIRECT_OBJC_ISA_USAGE = YES_ERROR;
				CLANG_WARN_EMPTY_BODY = YES;
				CLANG_WARN_ENUM_CONVERSION = YES;
				CLANG_WARN_INT_CONVERSION = YES;
				CLANG_WARN_OBJC_ROOT_CLASS = YES_ERROR;
				CLANG_WARN_UNREACHABLE_CODE = YES;
				CLANG_WARN__DUPLICATE_METHOD_MATCH = YES;
				"CODE_SIGN_IDENTITY[sdk=iphoneos*]" = "iPhone Developer";
				COPY_PHASE_STRIP = NO;
				DEBUG_INFORMATION_FORMAT = "dwarf-with-dsym";
				ENABLE_NS_ASSERTIONS = NO;
				ENABLE_STRICT_OBJC_MSGSEND = YES;
				GCC_C_LANGUAGE_STANDARD = gnu99;
				GCC_NO_COMMON_BLOCKS = YES;
				GCC_WARN_64_TO_32_BIT_CONVERSION = YES;
				GCC_WARN_ABOUT_RETURN_TYPE = YES_ERROR;
				GCC_WARN_UNDECLARED_SELECTOR = YES;
				GCC_WARN_UNINITIALIZED_AUTOS = YES_AGGRESSIVE;
				GCC_WARN_UNUSED_FUNCTION = YES;
				GCC_WARN_UNUSED_VARIABLE = YES;
				IPHONEOS_DEPLOYMENT_TARGET = 8.0;
				MTL_ENABLE_DEBUG_INFO = NO;
				PROVISIONING_PROFILE = "34b9ed6e-df4c-4b6f-a2e6-e972647cfdab";
				SDKROOT = iphoneos;
				VALIDATE_PRODUCT = YES;
			};
			name = Release;
		};
		E0C351B71BE9D2E600D8D3B8 /* Debug */ = {
			isa = XCBuildConfiguration;
			baseConfigurationReference = AFE8F8C7FE089EF24F806078 /* Pods-MenuLog.debug.xcconfig */;
			buildSettings = {
				ASSETCATALOG_COMPILER_APPICON_NAME = AppIcon;
				CODE_SIGN_IDENTITY = "iPhone Developer";
				"CODE_SIGN_IDENTITY[sdk=iphoneos*]" = "iPhone Developer";
				INFOPLIST_FILE = MenuLog/Info.plist;
				LD_RUNPATH_SEARCH_PATHS = "$(inherited) @executable_path/Frameworks";
				PRODUCT_BUNDLE_IDENTIFIER = ezura.MenuLog;
				PRODUCT_NAME = "$(TARGET_NAME)";
				PROVISIONING_PROFILE = "";
			};
			name = Debug;
		};
		E0C351B81BE9D2E600D8D3B8 /* Release */ = {
			isa = XCBuildConfiguration;
			baseConfigurationReference = 3F7A97021FD3FE468740CA6A /* Pods-MenuLog.release.xcconfig */;
			buildSettings = {
				ASSETCATALOG_COMPILER_APPICON_NAME = AppIcon;
				CODE_SIGN_IDENTITY = "iPhone Developer";
				"CODE_SIGN_IDENTITY[sdk=iphoneos*]" = "iPhone Developer";
				INFOPLIST_FILE = MenuLog/Info.plist;
				LD_RUNPATH_SEARCH_PATHS = "$(inherited) @executable_path/Frameworks";
				PRODUCT_BUNDLE_IDENTIFIER = ezura.MenuLog;
				PRODUCT_NAME = "$(TARGET_NAME)";
				PROVISIONING_PROFILE = "";
			};
			name = Release;
		};
		E0C351BA1BE9D2E600D8D3B8 /* Debug */ = {
			isa = XCBuildConfiguration;
			baseConfigurationReference = 533FD4DF9B8F235AEFD5CD3E /* Pods-MenuLogTests.debug.xcconfig */;
			buildSettings = {
				BUNDLE_LOADER = "$(TEST_HOST)";
				INFOPLIST_FILE = MenuLogTests/Info.plist;
				LD_RUNPATH_SEARCH_PATHS = "$(inherited) @executable_path/Frameworks @loader_path/Frameworks";
				PRODUCT_BUNDLE_IDENTIFIER = ezura.MenuLogTests;
				PRODUCT_NAME = "$(TARGET_NAME)";
				TEST_HOST = "$(BUILT_PRODUCTS_DIR)/MenuLog.app/MenuLog";
			};
			name = Debug;
		};
		E0C351BB1BE9D2E600D8D3B8 /* Release */ = {
			isa = XCBuildConfiguration;
			baseConfigurationReference = E49CA2048D5A4BCAB6102D39 /* Pods-MenuLogTests.release.xcconfig */;
			buildSettings = {
				BUNDLE_LOADER = "$(TEST_HOST)";
				INFOPLIST_FILE = MenuLogTests/Info.plist;
				LD_RUNPATH_SEARCH_PATHS = "$(inherited) @executable_path/Frameworks @loader_path/Frameworks";
				PRODUCT_BUNDLE_IDENTIFIER = ezura.MenuLogTests;
				PRODUCT_NAME = "$(TARGET_NAME)";
				TEST_HOST = "$(BUILT_PRODUCTS_DIR)/MenuLog.app/MenuLog";
			};
			name = Release;
		};
		E0C351BD1BE9D2E600D8D3B8 /* Debug */ = {
			isa = XCBuildConfiguration;
			baseConfigurationReference = 9440FA631151B77DF432389A /* Pods-MenuLogUITests.debug.xcconfig */;
			buildSettings = {
				INFOPLIST_FILE = MenuLogUITests/Info.plist;
				LD_RUNPATH_SEARCH_PATHS = "$(inherited) @executable_path/Frameworks @loader_path/Frameworks";
				PRODUCT_BUNDLE_IDENTIFIER = ezura.MenuLogUITests;
				PRODUCT_NAME = "$(TARGET_NAME)";
				TEST_TARGET_NAME = MenuLog;
				USES_XCTRUNNER = YES;
			};
			name = Debug;
		};
		E0C351BE1BE9D2E600D8D3B8 /* Release */ = {
			isa = XCBuildConfiguration;
			baseConfigurationReference = C9F73AA364A73F3C9D223A02 /* Pods-MenuLogUITests.release.xcconfig */;
			buildSettings = {
				INFOPLIST_FILE = MenuLogUITests/Info.plist;
				LD_RUNPATH_SEARCH_PATHS = "$(inherited) @executable_path/Frameworks @loader_path/Frameworks";
				PRODUCT_BUNDLE_IDENTIFIER = ezura.MenuLogUITests;
				PRODUCT_NAME = "$(TARGET_NAME)";
				TEST_TARGET_NAME = MenuLog;
				USES_XCTRUNNER = YES;
			};
			name = Release;
		};
/* End XCBuildConfiguration section */

/* Begin XCConfigurationList section */
		E0C351891BE9D2E600D8D3B8 /* Build configuration list for PBXProject "MenuLog" */ = {
			isa = XCConfigurationList;
			buildConfigurations = (
				E0C351B41BE9D2E600D8D3B8 /* Debug */,
				E0C351B51BE9D2E600D8D3B8 /* Release */,
			);
			defaultConfigurationIsVisible = 0;
			defaultConfigurationName = Release;
		};
		E0C351B61BE9D2E600D8D3B8 /* Build configuration list for PBXNativeTarget "MenuLog" */ = {
			isa = XCConfigurationList;
			buildConfigurations = (
				E0C351B71BE9D2E600D8D3B8 /* Debug */,
				E0C351B81BE9D2E600D8D3B8 /* Release */,
			);
			defaultConfigurationIsVisible = 0;
			defaultConfigurationName = Release;
		};
		E0C351B91BE9D2E600D8D3B8 /* Build configuration list for PBXNativeTarget "MenuLogTests" */ = {
			isa = XCConfigurationList;
			buildConfigurations = (
				E0C351BA1BE9D2E600D8D3B8 /* Debug */,
				E0C351BB1BE9D2E600D8D3B8 /* Release */,
			);
			defaultConfigurationIsVisible = 0;
			defaultConfigurationName = Release;
		};
		E0C351BC1BE9D2E600D8D3B8 /* Build configuration list for PBXNativeTarget "MenuLogUITests" */ = {
			isa = XCConfigurationList;
			buildConfigurations = (
				E0C351BD1BE9D2E600D8D3B8 /* Debug */,
				E0C351BE1BE9D2E600D8D3B8 /* Release */,
			);
			defaultConfigurationIsVisible = 0;
			defaultConfigurationName = Release;
		};
/* End XCConfigurationList section */
	};
	rootObject = E0C351861BE9D2E600D8D3B8 /* Project object */;
}
